
Microsoft Visual Studio Solution File, Format Version 12.00
# Visual Studio 15
VisualStudioVersion = 15.0.28010.2046
MinimumVisualStudioVersion = 10.0.40219.1
Project("{FAE04EC0-301F-11D3-BF4B-00C04F79EFBC}") = "StarterProject", "StarterProject\StarterProject.csproj", "{A12E001F-9542-47E4-9D91-5E8A600946A8}"
EndProject
Project("{FAE04EC0-301F-11D3-BF4B-00C04F79EFBC}") = "BetterGameWithObj", "BetterGameWithObj\BetterGameWithObj.csproj", "{44292590-F76D-45AD-8737-FCC768EA5283}"
EndProject
Global
	GlobalSection(SolutionConfigurationPlatforms) = preSolution
		Debug|x86 = Debug|x86
		Release|x86 = Release|x86
	EndGlobalSection
	GlobalSection(ProjectConfigurationPlatforms) = postSolution
		{A12E001F-9542-47E4-9D91-5E8A600946A8}.Debug|x86.ActiveCfg = Debug|x86
		{A12E001F-9542-47E4-9D91-5E8A600946A8}.Debug|x86.Build.0 = Debug|x86
		{A12E001F-9542-47E4-9D91-5E8A600946A8}.Release|x86.ActiveCfg = Release|x86
		{A12E001F-9542-47E4-9D91-5E8A600946A8}.Release|x86.Build.0 = Release|x86
		{44292590-F76D-45AD-8737-FCC768EA5283}.Debug|x86.ActiveCfg = Debug|x86
		{44292590-F76D-45AD-8737-FCC768EA5283}.Debug|x86.Build.0 = Debug|x86
		{44292590-F76D-45AD-8737-FCC768EA5283}.Release|x86.ActiveCfg = Release|x86
		{44292590-F76D-45AD-8737-FCC768EA5283}.Release|x86.Build.0 = Release|x86
	EndGlobalSection
	GlobalSection(SolutionProperties) = preSolution
		HideSolutionNode = FALSE
	EndGlobalSection
	GlobalSection(ExtensibilityGlobals) = postSolution
		SolutionGuid = {259A304C-DB9B-407D-BF5C-21F9CDFB8573}
	EndGlobalSection
EndGlobal
